
Microsoft Visual Studio Solution File, Format Version 12.00
# Visual Studio Version 17
VisualStudioVersion = 17.13.35931.197
MinimumVisualStudioVersion = 10.0.40219.1
Project("{FAE04EC0-301F-11D3-BF4B-00C04F79EFBC}") = "BugTracker.Web", "BugTracker.Web\BugTracker.Web.csproj", "{CC1D0A40-0307-45DD-BABB-563EA9C1EFA7}"
EndProject
Project("{FAE04EC0-301F-11D3-BF4B-00C04F79EFBC}") = "BugTracker.Web.Tests", "BugTracker.Web.Tests\BugTracker.Web.Tests.csproj", "{6F1924AA-853E-4D93-B922-54BBF4D1A60D}"
EndProject
Project("{FAE04EC0-301F-11D3-BF4B-00C04F79EFBC}") = "BugTracker.Data", "BugTracker.Data\BugTracker.Data.csproj", "{27DB68BC-B42E-4916-BA34-4072F2A2666D}"
EndProject
Global
	GlobalSection(SolutionConfigurationPlatforms) = preSolution
		Debug|Any CPU = Debug|Any CPU
		Release|Any CPU = Release|Any CPU
	EndGlobalSection
	GlobalSection(ProjectConfigurationPlatforms) = postSolution
		{CC1D0A40-0307-45DD-BABB-563EA9C1EFA7}.Debug|Any CPU.ActiveCfg = Debug|Any CPU
		{CC1D0A40-0307-45DD-BABB-563EA9C1EFA7}.Debug|Any CPU.Build.0 = Debug|Any CPU
		{CC1D0A40-0307-45DD-BABB-563EA9C1EFA7}.Release|Any CPU.ActiveCfg = Release|Any CPU
		{CC1D0A40-0307-45DD-BABB-563EA9C1EFA7}.Release|Any CPU.Build.0 = Release|Any CPU
		{6F1924AA-853E-4D93-B922-54BBF4D1A60D}.Debug|Any CPU.ActiveCfg = Debug|Any CPU
		{6F1924AA-853E-4D93-B922-54BBF4D1A60D}.Debug|Any CPU.Build.0 = Debug|Any CPU
		{6F1924AA-853E-4D93-B922-54BBF4D1A60D}.Release|Any CPU.ActiveCfg = Release|Any CPU
		{6F1924AA-853E-4D93-B922-54BBF4D1A60D}.Release|Any CPU.Build.0 = Release|Any CPU
		{27DB68BC-B42E-4916-BA34-4072F2A2666D}.Debug|Any CPU.ActiveCfg = Debug|Any CPU
		{27DB68BC-B42E-4916-BA34-4072F2A2666D}.Debug|Any CPU.Build.0 = Debug|Any CPU
		{27DB68BC-B42E-4916-BA34-4072F2A2666D}.Release|Any CPU.ActiveCfg = Release|Any CPU
		{27DB68BC-B42E-4916-BA34-4072F2A2666D}.Release|Any CPU.Build.0 = Release|Any CPU
	EndGlobalSection
	GlobalSection(SolutionProperties) = preSolution
		HideSolutionNode = FALSE
	EndGlobalSection
	GlobalSection(ExtensibilityGlobals) = postSolution
		SolutionGuid = {A89E7FA4-AE7E-46FA-81F6-C5C57910E5CC}
	EndGlobalSection
EndGlobal
