
Microsoft Visual Studio Solution File, Format Version 12.00
# Visual Studio Version 17
VisualStudioVersion = 17.13.35931.197
MinimumVisualStudioVersion = 10.0.40219.1
Project("{FAE04EC0-301F-11D3-BF4B-00C04F79EFBC}") = "BugTracker.Web", "BugTracker.Web\BugTracker.Web.csproj", "{CC1D0A40-0307-45DD-BABB-563EA9C1EFA7}"
EndProject
Project("{FAE04EC0-301F-11D3-BF4B-00C04F79EFBC}") = "BugTracker.Data", "BugTracker.Data\BugTracker.Data.csproj", "{27DB68BC-B42E-4916-BA34-4072F2A2666D}"
EndProject
Project("{FAE04EC0-301F-11D3-BF4B-00C04F79EFBC}") = "BugTracker.Business", "BugTracker.Business\BugTracker.Business.csproj", "{FB3701A0-EF90-44AB-9257-44E1FC605B49}"
EndProject
Project("{2150E333-8FDC-42A3-9474-1A3956D46DE8}") = "1. Presentation Layer", "1. Presentation Layer", "{02EA681E-C7D8-13C7-8484-4AC65E1B71E8}"
EndProject
Project("{2150E333-8FDC-42A3-9474-1A3956D46DE8}") = "2. Business Layer", "2. Business Layer", "{13EB7B90-AEB6-467E-9B64-5B279DC7C00A}"
EndProject
Project("{2150E333-8FDC-42A3-9474-1A3956D46DE8}") = "3. Data Layer", "3. Data Layer", "{1E9F13F0-8BE4-4EF1-BC12-18A01371C507}"
EndProject
Project("{2150E333-8FDC-42A3-9474-1A3956D46DE8}") = "Solution Items", "Solution Items", "{8EC462FD-D22E-90A8-E5CE-7E832BA40C5D}"
	ProjectSection(SolutionItems) = preProject
		.editorconfig = .editorconfig
		docker-compose.yml = docker-compose.yml
	EndProjectSection
EndProject
Project("{2150E333-8FDC-42A3-9474-1A3956D46DE8}") = "4. Tests", "4. Tests", "{DA6F1141-9DEE-4F86-A1A3-651C50AF6863}"
EndProject
Project("{FAE04EC0-301F-11D3-BF4B-00C04F79EFBC}") = "BugTracker.Business.Tests", "BugTracker.Business.Tests\BugTracker.Business.Tests.csproj", "{8B3C8DF8-7E63-42BE-AF50-56131DB8BA72}"
EndProject
Project("{FAE04EC0-301F-11D3-BF4B-00C04F79EFBC}") = "BugTracker.TestSupport", "BugTracker.TestSupport\BugTracker.TestSupport.csproj", "{F9EF931C-EFB4-4FF5-B686-2E02FC695F7F}"
EndProject
Project("{FAE04EC0-301F-11D3-BF4B-00C04F79EFBC}") = "BugTracker.Web.Tests", "BugTracker.Web.Tests\BugTracker.Web.Tests.csproj", "{D2351C7D-04F3-4E40-B9CD-134694339CFA}"
EndProject
Project("{2150E333-8FDC-42A3-9474-1A3956D46DE8}") = "4.1 UnitTests", "4.1 UnitTests", "{763EDC79-77B1-433C-A068-85CBB54D27A0}"
EndProject
Project("{2150E333-8FDC-42A3-9474-1A3956D46DE8}") = "4.2 IntegrationTests", "4.2 IntegrationTests", "{1BAACFC7-342E-47F4-9F07-4F0DD3A61929}"
EndProject
Project("{FAE04EC0-301F-11D3-BF4B-00C04F79EFBC}") = "BugTracker.E2ETests", "BugTracker.E2ETests\BugTracker.E2ETests.csproj", "{500C5746-DD0B-46FD-986A-9BEE161DA6A1}"
EndProject
Global
	GlobalSection(SolutionConfigurationPlatforms) = preSolution
		Debug|Any CPU = Debug|Any CPU
		Release|Any CPU = Release|Any CPU
	EndGlobalSection
	GlobalSection(ProjectConfigurationPlatforms) = postSolution
		{CC1D0A40-0307-45DD-BABB-563EA9C1EFA7}.Debug|Any CPU.ActiveCfg = Debug|Any CPU
		{CC1D0A40-0307-45DD-BABB-563EA9C1EFA7}.Debug|Any CPU.Build.0 = Debug|Any CPU
		{CC1D0A40-0307-45DD-BABB-563EA9C1EFA7}.Release|Any CPU.ActiveCfg = Release|Any CPU
		{CC1D0A40-0307-45DD-BABB-563EA9C1EFA7}.Release|Any CPU.Build.0 = Release|Any CPU
		{27DB68BC-B42E-4916-BA34-4072F2A2666D}.Debug|Any CPU.ActiveCfg = Debug|Any CPU
		{27DB68BC-B42E-4916-BA34-4072F2A2666D}.Debug|Any CPU.Build.0 = Debug|Any CPU
		{27DB68BC-B42E-4916-BA34-4072F2A2666D}.Release|Any CPU.ActiveCfg = Release|Any CPU
		{27DB68BC-B42E-4916-BA34-4072F2A2666D}.Release|Any CPU.Build.0 = Release|Any CPU
		{FB3701A0-EF90-44AB-9257-44E1FC605B49}.Debug|Any CPU.ActiveCfg = Debug|Any CPU
		{FB3701A0-EF90-44AB-9257-44E1FC605B49}.Debug|Any CPU.Build.0 = Debug|Any CPU
		{FB3701A0-EF90-44AB-9257-44E1FC605B49}.Release|Any CPU.ActiveCfg = Release|Any CPU
		{FB3701A0-EF90-44AB-9257-44E1FC605B49}.Release|Any CPU.Build.0 = Release|Any CPU
		{8B3C8DF8-7E63-42BE-AF50-56131DB8BA72}.Debug|Any CPU.ActiveCfg = Debug|Any CPU
		{8B3C8DF8-7E63-42BE-AF50-56131DB8BA72}.Debug|Any CPU.Build.0 = Debug|Any CPU
		{8B3C8DF8-7E63-42BE-AF50-56131DB8BA72}.Release|Any CPU.ActiveCfg = Release|Any CPU
		{8B3C8DF8-7E63-42BE-AF50-56131DB8BA72}.Release|Any CPU.Build.0 = Release|Any CPU
		{F9EF931C-EFB4-4FF5-B686-2E02FC695F7F}.Debug|Any CPU.ActiveCfg = Debug|Any CPU
		{F9EF931C-EFB4-4FF5-B686-2E02FC695F7F}.Debug|Any CPU.Build.0 = Debug|Any CPU
		{F9EF931C-EFB4-4FF5-B686-2E02FC695F7F}.Release|Any CPU.ActiveCfg = Release|Any CPU
		{F9EF931C-EFB4-4FF5-B686-2E02FC695F7F}.Release|Any CPU.Build.0 = Release|Any CPU
		{D2351C7D-04F3-4E40-B9CD-134694339CFA}.Debug|Any CPU.ActiveCfg = Debug|Any CPU
		{D2351C7D-04F3-4E40-B9CD-134694339CFA}.Debug|Any CPU.Build.0 = Debug|Any CPU
		{D2351C7D-04F3-4E40-B9CD-134694339CFA}.Release|Any CPU.ActiveCfg = Release|Any CPU
		{D2351C7D-04F3-4E40-B9CD-134694339CFA}.Release|Any CPU.Build.0 = Release|Any CPU
		{500C5746-DD0B-46FD-986A-9BEE161DA6A1}.Debug|Any CPU.ActiveCfg = Debug|Any CPU
		{500C5746-DD0B-46FD-986A-9BEE161DA6A1}.Debug|Any CPU.Build.0 = Debug|Any CPU
		{500C5746-DD0B-46FD-986A-9BEE161DA6A1}.Release|Any CPU.ActiveCfg = Release|Any CPU
		{500C5746-DD0B-46FD-986A-9BEE161DA6A1}.Release|Any CPU.Build.0 = Release|Any CPU
	EndGlobalSection
	GlobalSection(SolutionProperties) = preSolution
		HideSolutionNode = FALSE
	EndGlobalSection
	GlobalSection(NestedProjects) = preSolution
		{CC1D0A40-0307-45DD-BABB-563EA9C1EFA7} = {02EA681E-C7D8-13C7-8484-4AC65E1B71E8}
		{27DB68BC-B42E-4916-BA34-4072F2A2666D} = {1E9F13F0-8BE4-4EF1-BC12-18A01371C507}
		{FB3701A0-EF90-44AB-9257-44E1FC605B49} = {13EB7B90-AEB6-467E-9B64-5B279DC7C00A}
		{8B3C8DF8-7E63-42BE-AF50-56131DB8BA72} = {763EDC79-77B1-433C-A068-85CBB54D27A0}
		{F9EF931C-EFB4-4FF5-B686-2E02FC695F7F} = {DA6F1141-9DEE-4F86-A1A3-651C50AF6863}
		{D2351C7D-04F3-4E40-B9CD-134694339CFA} = {763EDC79-77B1-433C-A068-85CBB54D27A0}
		{763EDC79-77B1-433C-A068-85CBB54D27A0} = {DA6F1141-9DEE-4F86-A1A3-651C50AF6863}
		{1BAACFC7-342E-47F4-9F07-4F0DD3A61929} = {DA6F1141-9DEE-4F86-A1A3-651C50AF6863}
		{500C5746-DD0B-46FD-986A-9BEE161DA6A1} = {1BAACFC7-342E-47F4-9F07-4F0DD3A61929}
	EndGlobalSection
	GlobalSection(ExtensibilityGlobals) = postSolution
		SolutionGuid = {A89E7FA4-AE7E-46FA-81F6-C5C57910E5CC}
	EndGlobalSection
EndGlobal
